{
  "name": "bilibit",
  "version": "0.1.7",
  "lockfileVersion": 3,
  "requires": true,
  "packages": {
    "": {
      "name": "bilibit",
      "version": "0.1.7",
      "hasInstallScript": true,
      "license": "MIT",
      "bin": {
        "bbdown": "bin/bbdown-wrapper.js",
        "bilibit": "bin/bilibit.js"
      },
      "engines": {
        "node": ">=14.0.0"
      }
    }
  }
}
